// !$*UTF8*$!
{
	archiveVersion = 1;
	classes = {
	};
	objectVersion = 46;
	objects = {

/* Begin PBXBuildFile section */
		549264F91F16B3D300523DFC /* AppDelegate.swift in Sources */ = {isa = PBXBuildFile; fileRef = 549264F81F16B3D300523DFC /* AppDelegate.swift */; };
		549264FB1F16B3D300523DFC /* LandingViewController.swift in Sources */ = {isa = PBXBuildFile; fileRef = 549264FA1F16B3D300523DFC /* LandingViewController.swift */; };
		549264FE1F16B3D300523DFC /* Main.storyboard in Resources */ = {isa = PBXBuildFile; fileRef = 549264FC1F16B3D300523DFC /* Main.storyboard */; };
		549265001F16B3D300523DFC /* Assets.xcassets in Resources */ = {isa = PBXBuildFile; fileRef = 549264FF1F16B3D300523DFC /* Assets.xcassets */; };
		549265031F16B3D300523DFC /* LaunchScreen.storyboard in Resources */ = {isa = PBXBuildFile; fileRef = 549265011F16B3D300523DFC /* LaunchScreen.storyboard */; };
		5492650B1F16B68300523DFC /* DirectionViewController.swift in Sources */ = {isa = PBXBuildFile; fileRef = 5492650A1F16B68300523DFC /* DirectionViewController.swift */; };
/* End PBXBuildFile section */

/* Begin PBXFileReference section */
		549264F51F16B3D300523DFC /* Directions.app */ = {isa = PBXFileReference; explicitFileType = wrapper.application; includeInIndex = 0; path = Directions.app; sourceTree = BUILT_PRODUCTS_DIR; };
		549264F81F16B3D300523DFC /* AppDelegate.swift */ = {isa = PBXFileReference; lastKnownFileType = sourcecode.swift; path = AppDelegate.swift; sourceTree = "<group>"; };
		549264FA1F16B3D300523DFC /* LandingViewController.swift */ = {isa = PBXFileReference; lastKnownFileType = sourcecode.swift; path = LandingViewController.swift; sourceTree = "<group>"; };
		549264FD1F16B3D300523DFC /* Base */ = {isa = PBXFileReference; lastKnownFileType = file.storyboard; name = Base; path = Base.lproj/Main.storyboard; sourceTree = "<group>"; };
		549264FF1F16B3D300523DFC /* Assets.xcassets */ = {isa = PBXFileReference; lastKnownFileType = folder.assetcatalog; path = Assets.xcassets; sourceTree = "<group>"; };
		549265021F16B3D300523DFC /* Base */ = {isa = PBXFileReference; lastKnownFileType = file.storyboard; name = Base; path = Base.lproj/LaunchScreen.storyboard; sourceTree = "<group>"; };
		549265041F16B3D300523DFC /* Info.plist */ = {isa = PBXFileReference; lastKnownFileType = text.plist.xml; path = Info.plist; sourceTree = "<group>"; };
		5492650A1F16B68300523DFC /* DirectionViewController.swift */ = {isa = PBXFileReference; fileEncoding = 4; lastKnownFileType = sourcecode.swift; path = DirectionViewController.swift; sourceTree = "<group>"; };
/* End PBXFileReference section */

/* Begin PBXFrameworksBuildPhase section */
		549264F21F16B3D300523DFC /* Frameworks */ = {
			isa = PBXFrameworksBuildPhase;
			buildActionMask = 2147483647;
			files = (
			);
			runOnlyForDeploymentPostprocessing = 0;
		};
/* End PBXFrameworksBuildPhase section */

/* Begin PBXGroup section */
		549264EC1F16B3D300523DFC = {
			isa = PBXGroup;
			children = (
				549264F71F16B3D300523DFC /* Directions */,
				549264F61F16B3D300523DFC /* Products */,
			);
			sourceTree = "<group>";
		};
		549264F61F16B3D300523DFC /* Products */ = {
			isa = PBXGroup;
			children = (
				549264F51F16B3D300523DFC /* Directions.app */,
			);
			name = Products;
			sourceTree = "<group>";
		};
		549264F71F16B3D300523DFC /* Directions */ = {
			isa = PBXGroup;
			children = (
				549264F81F16B3D300523DFC /* AppDelegate.swift */,
				549264FA1F16B3D300523DFC /* LandingViewController.swift */,
				549264FC1F16B3D300523DFC /* Main.storyboard */,
				5492650A1F16B68300523DFC /* DirectionViewController.swift */,
				549264FF1F16B3D300523DFC /* Assets.xcassets */,
				549265011F16B3D300523DFC /* LaunchScreen.storyboard */,
				549265041F16B3D300523DFC /* Info.plist */,
			);
			path = Directions;
			sourceTree = "<group>";
		};
/* End PBXGroup section */

/* Begin PBXNativeTarget section */
		549264F41F16B3D300523DFC /* Directions */ = {
			isa = PBXNativeTarget;
			buildConfigurationList = 549265071F16B3D300523DFC /* Build configuration list for PBXNativeTarget "Directions" */;
			buildPhases = (
				549264F11F16B3D300523DFC /* Sources */,
				549264F21F16B3D300523DFC /* Frameworks */,
				549264F31F16B3D300523DFC /* Resources */,
			);
			buildRules = (
			);
			dependencies = (
			);
			name = Directions;
			productName = Directions;
			productReference = 549264F51F16B3D300523DFC /* Directions.app */;
			productType = "com.apple.product-type.application";
		};
/* End PBXNativeTarget section */

/* Begin PBXProject section */
		549264ED1F16B3D300523DFC /* Project object */ = {
			isa = PBXProject;
			attributes = {
				LastSwiftUpdateCheck = 0830;
				LastUpgradeCheck = 0830;
				ORGANIZATIONNAME = "Seth Bishop";
				TargetAttributes = {
					549264F41F16B3D300523DFC = {
						CreatedOnToolsVersion = 8.3.3;
						DevelopmentTeam = NT777CYM8D;
						ProvisioningStyle = Automatic;
					};
				};
			};
			buildConfigurationList = 549264F01F16B3D300523DFC /* Build configuration list for PBXProject "Directions" */;
			compatibilityVersion = "Xcode 3.2";
			developmentRegion = English;
			hasScannedForEncodings = 0;
			knownRegions = (
				en,
				Base,
			);
			mainGroup = 549264EC1F16B3D300523DFC;
			productRefGroup = 549264F61F16B3D300523DFC /* Products */;
			projectDirPath = "";
			projectRoot = "";
			targets = (
				549264F41F16B3D300523DFC /* Directions */,
			);
		};
/* End PBXProject section */

/* Begin PBXResourcesBuildPhase section */
		549264F31F16B3D300523DFC /* Resources */ = {
			isa = PBXResourcesBuildPhase;
			buildActionMask = 2147483647;
			files = (
				549265031F16B3D300523DFC /* LaunchScreen.storyboard in Resources */,
				549265001F16B3D300523DFC /* Assets.xcassets in Resources */,
				549264FE1F16B3D300523DFC /* Main.storyboard in Resources */,
			);
			runOnlyForDeploymentPostprocessing = 0;
		};
/* End PBXResourcesBuildPhase section */

/* Begin PBXSourcesBuildPhase section */
		549264F11F16B3D300523DFC /* Sources */ = {
			isa = PBXSourcesBuildPhase;
			buildActionMask = 2147483647;
			files = (
				549264FB1F16B3D300523DFC /* LandingViewController.swift in Sources */,
				549264F91F16B3D300523DFC /* AppDelegate.swift in Sources */,
				5492650B1F16B68300523DFC /* DirectionViewController.swift in Sources */,
			);
			runOnlyForDeploymentPostprocessing = 0;
		};
/* End PBXSourcesBuildPhase section */

/* Begin PBXVariantGroup section */
		549264FC1F16B3D300523DFC /* Main.storyboard */ = {
			isa = PBXVariantGroup;
			children = (
				549264FD1F16B3D300523DFC /* Base */,
			);
			name = Main.storyboard;
			sourceTree = "<group>";
		};
		549265011F16B3D300523DFC /* LaunchScreen.storyboard */ = {
			isa = PBXVariantGroup;
			children = (
				549265021F16B3D300523DFC /* Base */,
			);
			name = LaunchScreen.storyboard;
			sourceTree = "<group>";
		};
/* End PBXVariantGroup section */

/* Begin XCBuildConfiguration section */
		549265051F16B3D300523DFC /* Debug */ = {
			isa = XCBuildConfiguration;
			buildSettings = {
				ALWAYS_SEARCH_USER_PATHS = NO;
				CLANG_ANALYZER_NONNULL = YES;
				CLANG_ANALYZER_NUMBER_OBJECT_CONVERSION = YES_AGGRESSIVE;
				CLANG_CXX_LANGUAGE_STANDARD = "gnu++0x";
				CLANG_CXX_LIBRARY = "libc++";
				CLANG_ENABLE_MODULES = YES;
				CLANG_ENABLE_OBJC_ARC = YES;
				CLANG_WARN_BOOL_CONVERSION = YES;
				CLANG_WARN_CONSTANT_CONVERSION = YES;
				CLANG_WARN_DIRECT_OBJC_ISA_USAGE = YES_ERROR;
				CLANG_WARN_DOCUMENTATION_COMMENTS = YES;
				CLANG_WARN_EMPTY_BODY = YES;
				CLANG_WARN_ENUM_CONVERSION = YES;
				CLANG_WARN_INFINITE_RECURSION = YES;
				CLANG_WARN_INT_CONVERSION = YES;
				CLANG_WARN_OBJC_ROOT_CLASS = YES_ERROR;
				CLANG_WARN_SUSPICIOUS_MOVE = YES;
				CLANG_WARN_UNREACHABLE_CODE = YES;
				CLANG_WARN__DUPLICATE_METHOD_MATCH = YES;
				"CODE_SIGN_IDENTITY[sdk=iphoneos*]" = "iPhone Developer";
				COPY_PHASE_STRIP = NO;
				DEBUG_INFORMATION_FORMAT = dwarf;
				ENABLE_STRICT_OBJC_MSGSEND = YES;
				ENABLE_TESTABILITY = YES;
				GCC_C_LANGUAGE_STANDARD = gnu99;
				GCC_DYNAMIC_NO_PIC = NO;
				GCC_NO_COMMON_BLOCKS = YES;
				GCC_OPTIMIZATION_LEVEL = 0;
				GCC_PREPROCESSOR_DEFINITIONS = (
					"DEBUG=1",
					"$(inherited)",
				);
				GCC_WARN_64_TO_32_BIT_CONVERSION = YES;
				GCC_WARN_ABOUT_RETURN_TYPE = YES_ERROR;
				GCC_WARN_UNDECLARED_SELECTOR = YES;
				GCC_WARN_UNINITIALIZED_AUTOS = YES_AGGRESSIVE;
				GCC_WARN_UNUSED_FUNCTION = YES;
				GCC_WARN_UNUSED_VARIABLE = YES;
				IPHONEOS_DEPLOYMENT_TARGET = 10.3;
				MTL_ENABLE_DEBUG_INFO = YES;
				ONLY_ACTIVE_ARCH = YES;
				SDKROOT = iphoneos;
				SWIFT_ACTIVE_COMPILATION_CONDITIONS = DEBUG;
				SWIFT_OPTIMIZATION_LEVEL = "-Onone";
				TARGETED_DEVICE_FAMILY = "1,2";
			};
			name = Debug;
		};
		549265061F16B3D300523DFC /* Release */ = {
			isa = XCBuildConfiguration;
			buildSettings = {
				ALWAYS_SEARCH_USER_PATHS = NO;
				CLANG_ANALYZER_NONNULL = YES;
				CLANG_ANALYZER_NUMBER_OBJECT_CONVERSION = YES_AGGRESSIVE;
				CLANG_CXX_LANGUAGE_STANDARD = "gnu++0x";
				CLANG_CXX_LIBRARY = "libc++";
				CLANG_ENABLE_MODULES = YES;
				CLANG_ENABLE_OBJC_ARC = YES;
				CLANG_WARN_BOOL_CONVERSION = YES;
				CLANG_WARN_CONSTANT_CONVERSION = YES;
				CLANG_WARN_DIRECT_OBJC_ISA_USAGE = YES_ERROR;
				CLANG_WARN_DOCUMENTATION_COMMENTS = YES;
				CLANG_WARN_EMPTY_BODY = YES;
				CLANG_WARN_ENUM_CONVERSION = YES;
				CLANG_WARN_INFINITE_RECURSION = YES;
				CLANG_WARN_INT_CONVERSION = YES;
				CLANG_WARN_OBJC_ROOT_CLASS = YES_ERROR;
				CLANG_WARN_SUSPICIOUS_MOVE = YES;
				CLANG_WARN_UNREACHABLE_CODE = YES;
				CLANG_WARN__DUPLICATE_METHOD_MATCH = YES;
				"CODE_SIGN_IDENTITY[sdk=iphoneos*]" = "iPhone Developer";
				COPY_PHASE_STRIP = NO;
				DEBUG_INFORMATION_FORMAT = "dwarf-with-dsym";
				ENABLE_NS_ASSERTIONS = NO;
				ENABLE_STRICT_OBJC_MSGSEND = YES;
				GCC_C_LANGUAGE_STANDARD = gnu99;
				GCC_NO_COMMON_BLOCKS = YES;
				GCC_WARN_64_TO_32_BIT_CONVERSION = YES;
				GCC_WARN_ABOUT_RETURN_TYPE = YES_ERROR;
				GCC_WARN_UNDECLARED_SELECTOR = YES;
				GCC_WARN_UNINITIALIZED_AUTOS = YES_AGGRESSIVE;
				GCC_WARN_UNUSED_FUNCTION = YES;
				GCC_WARN_UNUSED_VARIABLE = YES;
				IPHONEOS_DEPLOYMENT_TARGET = 10.3;
				MTL_ENABLE_DEBUG_INFO = NO;
				SDKROOT = iphoneos;
				SWIFT_OPTIMIZATION_LEVEL = "-Owholemodule";
				TARGETED_DEVICE_FAMILY = "1,2";
				VALIDATE_PRODUCT = YES;
			};
			name = Release;
		};
		549265081F16B3D300523DFC /* Debug */ = {
			isa = XCBuildConfiguration;
			buildSettings = {
				ASSETCATALOG_COMPILER_APPICON_NAME = AppIcon;
				DEVELOPMENT_TEAM = NT777CYM8D;
				INFOPLIST_FILE = Directions/Info.plist;
				LD_RUNPATH_SEARCH_PATHS = "$(inherited) @executable_path/Frameworks";
				PRODUCT_BUNDLE_IDENTIFIER = com.sethrollsout.Directions;
				PRODUCT_NAME = "$(TARGET_NAME)";
				SWIFT_VERSION = 3.0;
			};
			name = Debug;
		};
		549265091F16B3D300523DFC /* Release */ = {
			isa = XCBuildConfiguration;
			buildSettings = {
				ASSETCATALOG_COMPILER_APPICON_NAME = AppIcon;
				DEVELOPMENT_TEAM = NT777CYM8D;
				INFOPLIST_FILE = Directions/Info.plist;
				LD_RUNPATH_SEARCH_PATHS = "$(inherited) @executable_path/Frameworks";
				PRODUCT_BUNDLE_IDENTIFIER = com.sethrollsout.Directions;
				PRODUCT_NAME = "$(TARGET_NAME)";
				SWIFT_VERSION = 3.0;
			};
			name = Release;
		};
/* End XCBuildConfiguration section */

/* Begin XCConfigurationList section */
		549264F01F16B3D300523DFC /* Build configuration list for PBXProject "Directions" */ = {
			isa = XCConfigurationList;
			buildConfigurations = (
				549265051F16B3D300523DFC /* Debug */,
				549265061F16B3D300523DFC /* Release */,
			);
			defaultConfigurationIsVisible = 0;
			defaultConfigurationName = Release;
		};
		549265071F16B3D300523DFC /* Build configuration list for PBXNativeTarget "Directions" */ = {
			isa = XCConfigurationList;
			buildConfigurations = (
				549265081F16B3D300523DFC /* Debug */,
				549265091F16B3D300523DFC /* Release */,
			);
			defaultConfigurationIsVisible = 0;
		};
/* End XCConfigurationList section */
	};
	rootObject = 549264ED1F16B3D300523DFC /* Project object */;
}
